PODS:
  - Alamofire (3.4.2)
  - AlamofireImage (2.4.1):
    - Alamofire (~> 3.3)
  - HanekeSwift (0.10.1)
  - Kingfisher (2.5.0)

DEPENDENCIES:
  - Alamofire
  - AlamofireImage
  - HanekeSwift
  - Kingfisher

SPEC CHECKSUMS:
  Alamofire: 6aa33201d20d069e1598891cf928883ff1888c7a
  AlamofireImage: 3ccf3347d9ea24580dc11fb892770a0be6a29826
  HanekeSwift: 08e47d3d0f2899ec58e5d257beba0de619aca9e8
  Kingfisher: d467bd710907ec9aa94aaddecaa5390aa3559819

COCOAPODS: 0.39.0
